{
  "version": 2,
  "dependencies": {
    "net10.0": {
      "Microsoft.DotNet.ILCompiler": {
        "type": "Direct",
        "requested": "[10.0.1, )",
        "resolved": "10.0.1",
        "contentHash": "339VHcUMA2iDrkLGaqjSwn25S9lmus/+Iqg5Hz2LDPhsX5a5GbdQZ2f/f6HMz/uGGWtUGpsusqUvW5L3fx36VA=="
      },
      "Microsoft.NET.ILLink.Tasks": {
        "type": "Direct",
        "requested": "[10.0.1, )",
        "resolved": "10.0.1",
        "contentHash": "ISahzLHsHY7vrwqr2p1YWZ+gsxoBRtH7gWRDK8fDUst9pp2He0GiesaqEfeX0V8QMCJM3eNEHGGpnIcPjFo2NQ=="
      },
      "xparsec": {
        "type": "Project",
        "dependencies": {
          "FSharp.Core": "[8.0.300, )"
        }
      },
      "xparsec.clargs": {
        "type": "Project",
        "dependencies": {
          "XParsec": "[0.3.0, )"
        }
      },
      "FSharp.Core": {
        "type": "CentralTransitive",
        "requested": "[8.0.300, )",
        "resolved": "8.0.300",
        "contentHash": "Jv44fV7TNglyMku89lQcA4Q6mFKLyHb2bs1Yb72nvSVc+cHplEnoZ4XQUaaTLJGUTx/iMqcrkYGtaLzkkIhpaA=="
      }
    },
    "net10.0/win-x64": {
      "Microsoft.DotNet.ILCompiler": {
        "type": "Direct",
        "requested": "[10.0.1, )",
        "resolved": "10.0.1",
        "contentHash": "339VHcUMA2iDrkLGaqjSwn25S9lmus/+Iqg5Hz2LDPhsX5a5GbdQZ2f/f6HMz/uGGWtUGpsusqUvW5L3fx36VA==",
        "dependencies": {
          "runtime.win-x64.Microsoft.DotNet.ILCompiler": "10.0.1"
        }
      },
      "runtime.win-x64.Microsoft.DotNet.ILCompiler": {
        "type": "Transitive",
        "resolved": "10.0.1",
        "contentHash": "AxmneLGqYEcPfRb5Zlpi8d5JWMUECxu/oT6qToVrihgdc20bb5N7XDgClx2I1glxWHU6W812ScBAfVv85bUE7g=="
      }
    }
  }
}