{
  "version": 2,
  "dependencies": {
    "net9.0": {
      "Microsoft.DotNet.ILCompiler": {
        "type": "Direct",
        "requested": "[9.0.9, )",
        "resolved": "9.0.9",
        "contentHash": "jbi92xl2xcwGfdD/XSgOtOtQM5Ra3uXsiFuEyLnqwpHXeWHAutabi/LDu9VQbcuCqmvwOhrA3iFcvTIuFFQ0AQ=="
      },
      "Microsoft.NET.ILLink.Tasks": {
        "type": "Direct",
        "requested": "[9.0.9, )",
        "resolved": "9.0.9",
        "contentHash": "cHi1os/s6aobEgNkbOh/jW+ru//rHuedvj4PmTh2mMY7et/mJjqphBeXeKCesDvMd0+E2JyX9EPZZC4VRKslXg=="
      },
      "xparsec": {
        "type": "Project",
        "dependencies": {
          "FSharp.Core": "[8.0.100, )",
          "System.Collections.Immutable": "[8.0.0, )"
        }
      },
      "xparsec.clargs": {
        "type": "Project",
        "dependencies": {
          "System.Collections.Immutable": "[8.0.0, )",
          "XParsec": "[0.2.2, )"
        }
      },
      "FSharp.Core": {
        "type": "CentralTransitive",
        "requested": "[8.0.100, )",
        "resolved": "8.0.100",
        "contentHash": "ZOVZ/o+jI3ormTZOa28Wh0tSRoyle1f7lKFcUN61sPiXI7eDZu8eSveFybgTeyIEyW0ujjp31cp7GOglDgsNEg=="
      },
      "System.Collections.Immutable": {
        "type": "CentralTransitive",
        "requested": "[8.0.0, )",
        "resolved": "8.0.0",
        "contentHash": "AurL6Y5BA1WotzlEvVaIDpqzpIPvYnnldxru8oXJU2yFxFUy3+pNXjXd1ymO+RA0rq0+590Q8gaz2l3Sr7fmqg=="
      }
    },
    "net9.0/win-x64": {
      "Microsoft.DotNet.ILCompiler": {
        "type": "Direct",
        "requested": "[9.0.9, )",
        "resolved": "9.0.9",
        "contentHash": "jbi92xl2xcwGfdD/XSgOtOtQM5Ra3uXsiFuEyLnqwpHXeWHAutabi/LDu9VQbcuCqmvwOhrA3iFcvTIuFFQ0AQ==",
        "dependencies": {
          "runtime.win-x64.Microsoft.DotNet.ILCompiler": "9.0.9"
        }
      },
      "runtime.win-x64.Microsoft.DotNet.ILCompiler": {
        "type": "Transitive",
        "resolved": "9.0.9",
        "contentHash": "pNUVVZBgAw6mG4VQzHxzZmGyKMBD+VLi3kSPCvm8OoOtlIzRnh5bt36wfa5s0iHzFCp3v+ySAyH02Ns9RmNXNA=="
      }
    }
  }
}