{
  "version": 2,
  "dependencies": {
    "net9.0": {
      "Microsoft.DotNet.ILCompiler": {
        "type": "Direct",
        "requested": "[9.0.2, )",
        "resolved": "9.0.2",
        "contentHash": "eyIUUqqPy7brzmoV04zabOUm0puEAAjZd3O3vuzan9iTTh0oIPwts8fLxZFoEZCFi63ACFtHbNBs5Y7myB3ZDQ=="
      },
      "Microsoft.NET.ILLink.Tasks": {
        "type": "Direct",
        "requested": "[9.0.2, )",
        "resolved": "9.0.2",
        "contentHash": "+KFnCLVPicEq99ko0tq+ycTvNLXHw0tImmTZjPloB/DOFLPT56KLfk5aS7wbgXRPzYhXTTBYLGaABea5mke77w=="
      },
      "xparsec": {
        "type": "Project",
        "dependencies": {
          "FSharp.Core": "[9.0.201, )",
          "Fable.Core": "[4.5.0, )",
          "System.Collections.Immutable": "[9.0.3, )"
        }
      },
      "xparsec.clargs": {
        "type": "Project",
        "dependencies": {
          "System.Collections.Immutable": "[9.0.3, )",
          "XParsec": "[0.0.1, )"
        }
      },
      "Fable.Core": {
        "type": "CentralTransitive",
        "requested": "[4.5.0, )",
        "resolved": "4.5.0",
        "contentHash": "ZcX8XN5sQZGCbrS8VYnsa/ynhrCBfpDyqDkTl33GTXOpgfKibxoq0+W0hCSbRzuukVNoLtqGL/B6+8yTNDXbNA=="
      },
      "FSharp.Core": {
        "type": "CentralTransitive",
        "requested": "[9.0.201, )",
        "resolved": "9.0.201",
        "contentHash": "Ozq4T0ISTkqTYJ035XW/JkdDDaXofbykvfyVwkjLSqaDZ/4uNXfpf92cjcMI9lf9CxWqmlWHScViPh/4AvnWcw=="
      },
      "System.Collections.Immutable": {
        "type": "CentralTransitive",
        "requested": "[9.0.3, )",
        "resolved": "9.0.3",
        "contentHash": "CfYi30Pbpw9aGpXVLcoGt+yM0egrE8M1DUOOwdAWOAQ2QZkXkSgjonqZYvtKdxUF1XJaLCp0OdTXueeAeUHSlQ=="
      }
    },
    "net9.0/win-x64": {
      "Microsoft.DotNet.ILCompiler": {
        "type": "Direct",
        "requested": "[9.0.2, )",
        "resolved": "9.0.2",
        "contentHash": "eyIUUqqPy7brzmoV04zabOUm0puEAAjZd3O3vuzan9iTTh0oIPwts8fLxZFoEZCFi63ACFtHbNBs5Y7myB3ZDQ==",
        "dependencies": {
          "runtime.win-x64.Microsoft.DotNet.ILCompiler": "9.0.2"
        }
      },
      "runtime.win-x64.Microsoft.DotNet.ILCompiler": {
        "type": "Transitive",
        "resolved": "9.0.2",
        "contentHash": "i+GxLf1LRnhYdrUMHwDjRGUUhK+YEBaSgbvTEF5zhgN7AjMPIsiRX6r+7rtUBOZnkp47YYfL1eCkronW6MTi1g=="
      }
    }
  }
}