{
  "version": 2,
  "dependencies": {
    "net9.0": {
      "xparsec": {
        "type": "Project",
        "dependencies": {
          "FSharp.Core": "[9.0.201, )",
          "System.Collections.Immutable": "[9.0.3, )"
        }
      },
      "FSharp.Core": {
        "type": "CentralTransitive",
        "requested": "[9.0.201, )",
        "resolved": "9.0.201",
        "contentHash": "Ozq4T0ISTkqTYJ035XW/JkdDDaXofbykvfyVwkjLSqaDZ/4uNXfpf92cjcMI9lf9CxWqmlWHScViPh/4AvnWcw=="
      },
      "System.Collections.Immutable": {
        "type": "CentralTransitive",
        "requested": "[9.0.3, )",
        "resolved": "9.0.3",
        "contentHash": "CfYi30Pbpw9aGpXVLcoGt+yM0egrE8M1DUOOwdAWOAQ2QZkXkSgjonqZYvtKdxUF1XJaLCp0OdTXueeAeUHSlQ=="
      }
    }
  }
}