
Microsoft Visual Studio Solution File, Format Version 12.00
# Visual Studio Version 17
VisualStudioVersion = 17.0.31903.59
MinimumVisualStudioVersion = 10.0.40219.1
Project("{2150E333-8FDC-42A3-9474-1A3956D46DE8}") = "src", "src", "{49CE722A-EDAE-4239-8A72-05F8A12A9D72}"
EndProject
Project("{F2A71F9B-5D33-465A-A702-920D77279786}") = "XParsec", "src\XParsec\XParsec.fsproj", "{37A39E52-F311-4EBD-83A0-18737D442E17}"
EndProject
Project("{2150E333-8FDC-42A3-9474-1A3956D46DE8}") = "test", "test", "{6799430A-924F-4DAE-B6F3-B69396BE336F}"
EndProject
Project("{F2A71F9B-5D33-465A-A702-920D77279786}") = "XParsec.Tests", "test\XParsec.Tests\XParsec.Tests.fsproj", "{7B377250-8EE4-4738-B9B9-F50D34F80E82}"
EndProject
Project("{F2A71F9B-5D33-465A-A702-920D77279786}") = "XParsec.Json.Tests", "test\XParsec.Json.Tests\XParsec.Json.Tests.fsproj", "{8FCD3A14-76F7-408F-8FEB-8CB1A3E08156}"
EndProject
Project("{F2A71F9B-5D33-465A-A702-920D77279786}") = "XParsec.MessagePack.Tests", "test\XParsec.MessagePack.Tests\XParsec.MessagePack.Tests.fsproj", "{531A510F-A0C0-4A0C-AEDF-5ABE82E0B846}"
EndProject
Project("{2150E333-8FDC-42A3-9474-1A3956D46DE8}") = "Config", "Config", "{2522BE09-00BE-48FF-A866-0FBC89A5C8B5}"
	ProjectSection(SolutionItems) = preProject
		Directory.Build.props = Directory.Build.props
		Directory.Packages.props = Directory.Packages.props
		.config\dotnet-tools.json = .config\dotnet-tools.json
		.editorconfig = .editorconfig
		.gitignore = .gitignore
		NuGet.config = NuGet.config
	EndProjectSection
EndProject
Project("{2150E333-8FDC-42A3-9474-1A3956D46DE8}") = "Readme", "Readme", "{DF9CB7C9-8077-4EEA-9816-B9F4004CF43F}"
	ProjectSection(SolutionItems) = preProject
		README.md = README.md
		LICENSE = LICENSE
	EndProjectSection
EndProject
Project("{F2A71F9B-5D33-465A-A702-920D77279786}") = "XParsec.Json", "src\XParsec.Json\XParsec.Json.fsproj", "{FBCFFD9F-67EE-4863-B119-3E2E853FA29F}"
EndProject
Project("{2150E333-8FDC-42A3-9474-1A3956D46DE8}") = "bench", "bench", "{50F19153-73B0-462F-98B4-53CE0A510BDB}"
EndProject
Project("{F2A71F9B-5D33-465A-A702-920D77279786}") = "XParsec.Json.Benchmarks", "bench\XParsec.Json.Benchmarks\XParsec.Json.Benchmarks.fsproj", "{52EBA5C0-292E-49EF-80AC-EAEF60D2E0E5}"
EndProject
Project("{F2A71F9B-5D33-465A-A702-920D77279786}") = "XParsec.CLArgs", "src\XParsec.CLArgs\XParsec.CLArgs.fsproj", "{4CE25465-3136-481E-A374-B4B13C831A08}"
EndProject
Project("{F2A71F9B-5D33-465A-A702-920D77279786}") = "XParsec.CLArgs.Tests", "test\XParsec.CLArgs.Tests\XParsec.CLArgs.Tests.fsproj", "{617701C9-3657-4894-A580-1BBFC5D29054}"
EndProject
Project("{F2A71F9B-5D33-465A-A702-920D77279786}") = "XParsec.CLArgs.Interactive", "test\XParsec.CLArgs.Interactive\XParsec.CLArgs.Interactive.fsproj", "{FFB5B284-5E36-4466-BBF3-706964EE55B0}"
EndProject
Project("{2150E333-8FDC-42A3-9474-1A3956D46DE8}") = "interactive", "interactive", "{B6F9FCCA-7F39-FFB6-77AC-49B2F711DD96}"
EndProject
Project("{F2A71F9B-5D33-465A-A702-920D77279786}") = "XParsec.Client", "interactive\XParsec.Client\XParsec.Client.fsproj", "{B7354356-80D1-46D2-BA27-B828BC1D0222}"
EndProject
Project("{F2A71F9B-5D33-465A-A702-920D77279786}") = "XParsec.Server", "interactive\XParsec.Server\XParsec.Server.fsproj", "{23176331-0D4B-4653-A8EA-1A1411396585}"
EndProject
Global
	GlobalSection(SolutionConfigurationPlatforms) = preSolution
		Debug|Any CPU = Debug|Any CPU
		Debug|x64 = Debug|x64
		Debug|x86 = Debug|x86
		Release|Any CPU = Release|Any CPU
		Release|x64 = Release|x64
		Release|x86 = Release|x86
	EndGlobalSection
	GlobalSection(ProjectConfigurationPlatforms) = postSolution
		{37A39E52-F311-4EBD-83A0-18737D442E17}.Debug|Any CPU.ActiveCfg = Debug|Any CPU
		{37A39E52-F311-4EBD-83A0-18737D442E17}.Debug|Any CPU.Build.0 = Debug|Any CPU
		{37A39E52-F311-4EBD-83A0-18737D442E17}.Debug|x64.ActiveCfg = Debug|Any CPU
		{37A39E52-F311-4EBD-83A0-18737D442E17}.Debug|x64.Build.0 = Debug|Any CPU
		{37A39E52-F311-4EBD-83A0-18737D442E17}.Debug|x86.ActiveCfg = Debug|Any CPU
		{37A39E52-F311-4EBD-83A0-18737D442E17}.Debug|x86.Build.0 = Debug|Any CPU
		{37A39E52-F311-4EBD-83A0-18737D442E17}.Release|Any CPU.ActiveCfg = Release|Any CPU
		{37A39E52-F311-4EBD-83A0-18737D442E17}.Release|Any CPU.Build.0 = Release|Any CPU
		{37A39E52-F311-4EBD-83A0-18737D442E17}.Release|x64.ActiveCfg = Release|Any CPU
		{37A39E52-F311-4EBD-83A0-18737D442E17}.Release|x64.Build.0 = Release|Any CPU
		{37A39E52-F311-4EBD-83A0-18737D442E17}.Release|x86.ActiveCfg = Release|Any CPU
		{37A39E52-F311-4EBD-83A0-18737D442E17}.Release|x86.Build.0 = Release|Any CPU
		{7B377250-8EE4-4738-B9B9-F50D34F80E82}.Debug|Any CPU.ActiveCfg = Debug|Any CPU
		{7B377250-8EE4-4738-B9B9-F50D34F80E82}.Debug|Any CPU.Build.0 = Debug|Any CPU
		{7B377250-8EE4-4738-B9B9-F50D34F80E82}.Debug|x64.ActiveCfg = Debug|Any CPU
		{7B377250-8EE4-4738-B9B9-F50D34F80E82}.Debug|x64.Build.0 = Debug|Any CPU
		{7B377250-8EE4-4738-B9B9-F50D34F80E82}.Debug|x86.ActiveCfg = Debug|Any CPU
		{7B377250-8EE4-4738-B9B9-F50D34F80E82}.Debug|x86.Build.0 = Debug|Any CPU
		{7B377250-8EE4-4738-B9B9-F50D34F80E82}.Release|Any CPU.ActiveCfg = Release|Any CPU
		{7B377250-8EE4-4738-B9B9-F50D34F80E82}.Release|Any CPU.Build.0 = Release|Any CPU
		{7B377250-8EE4-4738-B9B9-F50D34F80E82}.Release|x64.ActiveCfg = Release|Any CPU
		{7B377250-8EE4-4738-B9B9-F50D34F80E82}.Release|x64.Build.0 = Release|Any CPU
		{7B377250-8EE4-4738-B9B9-F50D34F80E82}.Release|x86.ActiveCfg = Release|Any CPU
		{7B377250-8EE4-4738-B9B9-F50D34F80E82}.Release|x86.Build.0 = Release|Any CPU
		{8FCD3A14-76F7-408F-8FEB-8CB1A3E08156}.Debug|Any CPU.ActiveCfg = Debug|Any CPU
		{8FCD3A14-76F7-408F-8FEB-8CB1A3E08156}.Debug|Any CPU.Build.0 = Debug|Any CPU
		{8FCD3A14-76F7-408F-8FEB-8CB1A3E08156}.Debug|x64.ActiveCfg = Debug|Any CPU
		{8FCD3A14-76F7-408F-8FEB-8CB1A3E08156}.Debug|x64.Build.0 = Debug|Any CPU
		{8FCD3A14-76F7-408F-8FEB-8CB1A3E08156}.Debug|x86.ActiveCfg = Debug|Any CPU
		{8FCD3A14-76F7-408F-8FEB-8CB1A3E08156}.Debug|x86.Build.0 = Debug|Any CPU
		{8FCD3A14-76F7-408F-8FEB-8CB1A3E08156}.Release|Any CPU.ActiveCfg = Release|Any CPU
		{8FCD3A14-76F7-408F-8FEB-8CB1A3E08156}.Release|Any CPU.Build.0 = Release|Any CPU
		{8FCD3A14-76F7-408F-8FEB-8CB1A3E08156}.Release|x64.ActiveCfg = Release|Any CPU
		{8FCD3A14-76F7-408F-8FEB-8CB1A3E08156}.Release|x64.Build.0 = Release|Any CPU
		{8FCD3A14-76F7-408F-8FEB-8CB1A3E08156}.Release|x86.ActiveCfg = Release|Any CPU
		{8FCD3A14-76F7-408F-8FEB-8CB1A3E08156}.Release|x86.Build.0 = Release|Any CPU
		{531A510F-A0C0-4A0C-AEDF-5ABE82E0B846}.Debug|Any CPU.ActiveCfg = Debug|Any CPU
		{531A510F-A0C0-4A0C-AEDF-5ABE82E0B846}.Debug|Any CPU.Build.0 = Debug|Any CPU
		{531A510F-A0C0-4A0C-AEDF-5ABE82E0B846}.Debug|x64.ActiveCfg = Debug|Any CPU
		{531A510F-A0C0-4A0C-AEDF-5ABE82E0B846}.Debug|x64.Build.0 = Debug|Any CPU
		{531A510F-A0C0-4A0C-AEDF-5ABE82E0B846}.Debug|x86.ActiveCfg = Debug|Any CPU
		{531A510F-A0C0-4A0C-AEDF-5ABE82E0B846}.Debug|x86.Build.0 = Debug|Any CPU
		{531A510F-A0C0-4A0C-AEDF-5ABE82E0B846}.Release|Any CPU.ActiveCfg = Release|Any CPU
		{531A510F-A0C0-4A0C-AEDF-5ABE82E0B846}.Release|Any CPU.Build.0 = Release|Any CPU
		{531A510F-A0C0-4A0C-AEDF-5ABE82E0B846}.Release|x64.ActiveCfg = Release|Any CPU
		{531A510F-A0C0-4A0C-AEDF-5ABE82E0B846}.Release|x64.Build.0 = Release|Any CPU
		{531A510F-A0C0-4A0C-AEDF-5ABE82E0B846}.Release|x86.ActiveCfg = Release|Any CPU
		{531A510F-A0C0-4A0C-AEDF-5ABE82E0B846}.Release|x86.Build.0 = Release|Any CPU
		{FBCFFD9F-67EE-4863-B119-3E2E853FA29F}.Debug|Any CPU.ActiveCfg = Debug|Any CPU
		{FBCFFD9F-67EE-4863-B119-3E2E853FA29F}.Debug|Any CPU.Build.0 = Debug|Any CPU
		{FBCFFD9F-67EE-4863-B119-3E2E853FA29F}.Debug|x64.ActiveCfg = Debug|Any CPU
		{FBCFFD9F-67EE-4863-B119-3E2E853FA29F}.Debug|x64.Build.0 = Debug|Any CPU
		{FBCFFD9F-67EE-4863-B119-3E2E853FA29F}.Debug|x86.ActiveCfg = Debug|Any CPU
		{FBCFFD9F-67EE-4863-B119-3E2E853FA29F}.Debug|x86.Build.0 = Debug|Any CPU
		{FBCFFD9F-67EE-4863-B119-3E2E853FA29F}.Release|Any CPU.ActiveCfg = Release|Any CPU
		{FBCFFD9F-67EE-4863-B119-3E2E853FA29F}.Release|Any CPU.Build.0 = Release|Any CPU
		{FBCFFD9F-67EE-4863-B119-3E2E853FA29F}.Release|x64.ActiveCfg = Release|Any CPU
		{FBCFFD9F-67EE-4863-B119-3E2E853FA29F}.Release|x64.Build.0 = Release|Any CPU
		{FBCFFD9F-67EE-4863-B119-3E2E853FA29F}.Release|x86.ActiveCfg = Release|Any CPU
		{FBCFFD9F-67EE-4863-B119-3E2E853FA29F}.Release|x86.Build.0 = Release|Any CPU
		{52EBA5C0-292E-49EF-80AC-EAEF60D2E0E5}.Debug|Any CPU.ActiveCfg = Debug|Any CPU
		{52EBA5C0-292E-49EF-80AC-EAEF60D2E0E5}.Debug|Any CPU.Build.0 = Debug|Any CPU
		{52EBA5C0-292E-49EF-80AC-EAEF60D2E0E5}.Debug|x64.ActiveCfg = Debug|Any CPU
		{52EBA5C0-292E-49EF-80AC-EAEF60D2E0E5}.Debug|x64.Build.0 = Debug|Any CPU
		{52EBA5C0-292E-49EF-80AC-EAEF60D2E0E5}.Debug|x86.ActiveCfg = Debug|Any CPU
		{52EBA5C0-292E-49EF-80AC-EAEF60D2E0E5}.Debug|x86.Build.0 = Debug|Any CPU
		{52EBA5C0-292E-49EF-80AC-EAEF60D2E0E5}.Release|Any CPU.ActiveCfg = Release|Any CPU
		{52EBA5C0-292E-49EF-80AC-EAEF60D2E0E5}.Release|Any CPU.Build.0 = Release|Any CPU
		{52EBA5C0-292E-49EF-80AC-EAEF60D2E0E5}.Release|x64.ActiveCfg = Release|Any CPU
		{52EBA5C0-292E-49EF-80AC-EAEF60D2E0E5}.Release|x64.Build.0 = Release|Any CPU
		{52EBA5C0-292E-49EF-80AC-EAEF60D2E0E5}.Release|x86.ActiveCfg = Release|Any CPU
		{52EBA5C0-292E-49EF-80AC-EAEF60D2E0E5}.Release|x86.Build.0 = Release|Any CPU
		{4CE25465-3136-481E-A374-B4B13C831A08}.Debug|Any CPU.ActiveCfg = Debug|Any CPU
		{4CE25465-3136-481E-A374-B4B13C831A08}.Debug|Any CPU.Build.0 = Debug|Any CPU
		{4CE25465-3136-481E-A374-B4B13C831A08}.Debug|x64.ActiveCfg = Debug|Any CPU
		{4CE25465-3136-481E-A374-B4B13C831A08}.Debug|x64.Build.0 = Debug|Any CPU
		{4CE25465-3136-481E-A374-B4B13C831A08}.Debug|x86.ActiveCfg = Debug|Any CPU
		{4CE25465-3136-481E-A374-B4B13C831A08}.Debug|x86.Build.0 = Debug|Any CPU
		{4CE25465-3136-481E-A374-B4B13C831A08}.Release|Any CPU.ActiveCfg = Release|Any CPU
		{4CE25465-3136-481E-A374-B4B13C831A08}.Release|Any CPU.Build.0 = Release|Any CPU
		{4CE25465-3136-481E-A374-B4B13C831A08}.Release|x64.ActiveCfg = Release|Any CPU
		{4CE25465-3136-481E-A374-B4B13C831A08}.Release|x64.Build.0 = Release|Any CPU
		{4CE25465-3136-481E-A374-B4B13C831A08}.Release|x86.ActiveCfg = Release|Any CPU
		{4CE25465-3136-481E-A374-B4B13C831A08}.Release|x86.Build.0 = Release|Any CPU
		{617701C9-3657-4894-A580-1BBFC5D29054}.Debug|Any CPU.ActiveCfg = Debug|Any CPU
		{617701C9-3657-4894-A580-1BBFC5D29054}.Debug|Any CPU.Build.0 = Debug|Any CPU
		{617701C9-3657-4894-A580-1BBFC5D29054}.Debug|x64.ActiveCfg = Debug|Any CPU
		{617701C9-3657-4894-A580-1BBFC5D29054}.Debug|x64.Build.0 = Debug|Any CPU
		{617701C9-3657-4894-A580-1BBFC5D29054}.Debug|x86.ActiveCfg = Debug|Any CPU
		{617701C9-3657-4894-A580-1BBFC5D29054}.Debug|x86.Build.0 = Debug|Any CPU
		{617701C9-3657-4894-A580-1BBFC5D29054}.Release|Any CPU.ActiveCfg = Release|Any CPU
		{617701C9-3657-4894-A580-1BBFC5D29054}.Release|Any CPU.Build.0 = Release|Any CPU
		{617701C9-3657-4894-A580-1BBFC5D29054}.Release|x64.ActiveCfg = Release|Any CPU
		{617701C9-3657-4894-A580-1BBFC5D29054}.Release|x64.Build.0 = Release|Any CPU
		{617701C9-3657-4894-A580-1BBFC5D29054}.Release|x86.ActiveCfg = Release|Any CPU
		{617701C9-3657-4894-A580-1BBFC5D29054}.Release|x86.Build.0 = Release|Any CPU
		{FFB5B284-5E36-4466-BBF3-706964EE55B0}.Debug|Any CPU.ActiveCfg = Debug|Any CPU
		{FFB5B284-5E36-4466-BBF3-706964EE55B0}.Debug|Any CPU.Build.0 = Debug|Any CPU
		{FFB5B284-5E36-4466-BBF3-706964EE55B0}.Debug|x64.ActiveCfg = Debug|Any CPU
		{FFB5B284-5E36-4466-BBF3-706964EE55B0}.Debug|x64.Build.0 = Debug|Any CPU
		{FFB5B284-5E36-4466-BBF3-706964EE55B0}.Debug|x86.ActiveCfg = Debug|Any CPU
		{FFB5B284-5E36-4466-BBF3-706964EE55B0}.Debug|x86.Build.0 = Debug|Any CPU
		{FFB5B284-5E36-4466-BBF3-706964EE55B0}.Release|Any CPU.ActiveCfg = Release|Any CPU
		{FFB5B284-5E36-4466-BBF3-706964EE55B0}.Release|Any CPU.Build.0 = Release|Any CPU
		{FFB5B284-5E36-4466-BBF3-706964EE55B0}.Release|x64.ActiveCfg = Release|Any CPU
		{FFB5B284-5E36-4466-BBF3-706964EE55B0}.Release|x64.Build.0 = Release|Any CPU
		{FFB5B284-5E36-4466-BBF3-706964EE55B0}.Release|x86.ActiveCfg = Release|Any CPU
		{FFB5B284-5E36-4466-BBF3-706964EE55B0}.Release|x86.Build.0 = Release|Any CPU
		{B7354356-80D1-46D2-BA27-B828BC1D0222}.Debug|Any CPU.ActiveCfg = Debug|Any CPU
		{B7354356-80D1-46D2-BA27-B828BC1D0222}.Debug|Any CPU.Build.0 = Debug|Any CPU
		{B7354356-80D1-46D2-BA27-B828BC1D0222}.Debug|x64.ActiveCfg = Debug|Any CPU
		{B7354356-80D1-46D2-BA27-B828BC1D0222}.Debug|x64.Build.0 = Debug|Any CPU
		{B7354356-80D1-46D2-BA27-B828BC1D0222}.Debug|x86.ActiveCfg = Debug|Any CPU
		{B7354356-80D1-46D2-BA27-B828BC1D0222}.Debug|x86.Build.0 = Debug|Any CPU
		{B7354356-80D1-46D2-BA27-B828BC1D0222}.Release|Any CPU.ActiveCfg = Release|Any CPU
		{B7354356-80D1-46D2-BA27-B828BC1D0222}.Release|Any CPU.Build.0 = Release|Any CPU
		{B7354356-80D1-46D2-BA27-B828BC1D0222}.Release|x64.ActiveCfg = Release|Any CPU
		{B7354356-80D1-46D2-BA27-B828BC1D0222}.Release|x64.Build.0 = Release|Any CPU
		{B7354356-80D1-46D2-BA27-B828BC1D0222}.Release|x86.ActiveCfg = Release|Any CPU
		{B7354356-80D1-46D2-BA27-B828BC1D0222}.Release|x86.Build.0 = Release|Any CPU
		{23176331-0D4B-4653-A8EA-1A1411396585}.Debug|Any CPU.ActiveCfg = Debug|Any CPU
		{23176331-0D4B-4653-A8EA-1A1411396585}.Debug|Any CPU.Build.0 = Debug|Any CPU
		{23176331-0D4B-4653-A8EA-1A1411396585}.Debug|x64.ActiveCfg = Debug|Any CPU
		{23176331-0D4B-4653-A8EA-1A1411396585}.Debug|x64.Build.0 = Debug|Any CPU
		{23176331-0D4B-4653-A8EA-1A1411396585}.Debug|x86.ActiveCfg = Debug|Any CPU
		{23176331-0D4B-4653-A8EA-1A1411396585}.Debug|x86.Build.0 = Debug|Any CPU
		{23176331-0D4B-4653-A8EA-1A1411396585}.Release|Any CPU.ActiveCfg = Release|Any CPU
		{23176331-0D4B-4653-A8EA-1A1411396585}.Release|Any CPU.Build.0 = Release|Any CPU
		{23176331-0D4B-4653-A8EA-1A1411396585}.Release|x64.ActiveCfg = Release|Any CPU
		{23176331-0D4B-4653-A8EA-1A1411396585}.Release|x64.Build.0 = Release|Any CPU
		{23176331-0D4B-4653-A8EA-1A1411396585}.Release|x86.ActiveCfg = Release|Any CPU
		{23176331-0D4B-4653-A8EA-1A1411396585}.Release|x86.Build.0 = Release|Any CPU
	EndGlobalSection
	GlobalSection(SolutionProperties) = preSolution
		HideSolutionNode = FALSE
	EndGlobalSection
	GlobalSection(NestedProjects) = preSolution
		{37A39E52-F311-4EBD-83A0-18737D442E17} = {49CE722A-EDAE-4239-8A72-05F8A12A9D72}
		{7B377250-8EE4-4738-B9B9-F50D34F80E82} = {6799430A-924F-4DAE-B6F3-B69396BE336F}
		{8FCD3A14-76F7-408F-8FEB-8CB1A3E08156} = {6799430A-924F-4DAE-B6F3-B69396BE336F}
		{531A510F-A0C0-4A0C-AEDF-5ABE82E0B846} = {6799430A-924F-4DAE-B6F3-B69396BE336F}
		{FBCFFD9F-67EE-4863-B119-3E2E853FA29F} = {49CE722A-EDAE-4239-8A72-05F8A12A9D72}
		{52EBA5C0-292E-49EF-80AC-EAEF60D2E0E5} = {50F19153-73B0-462F-98B4-53CE0A510BDB}
		{4CE25465-3136-481E-A374-B4B13C831A08} = {49CE722A-EDAE-4239-8A72-05F8A12A9D72}
		{617701C9-3657-4894-A580-1BBFC5D29054} = {6799430A-924F-4DAE-B6F3-B69396BE336F}
		{FFB5B284-5E36-4466-BBF3-706964EE55B0} = {6799430A-924F-4DAE-B6F3-B69396BE336F}
		{B7354356-80D1-46D2-BA27-B828BC1D0222} = {B6F9FCCA-7F39-FFB6-77AC-49B2F711DD96}
		{23176331-0D4B-4653-A8EA-1A1411396585} = {B6F9FCCA-7F39-FFB6-77AC-49B2F711DD96}
	EndGlobalSection
EndGlobal
